hash: 401c134a26d6174632aae079ab2b3f211e89c1abc6e7aa25e416365aede1f037
updated: 2017-11-04T10:32:00.30678+08:00
imports:
- name: github.com/andybalholm/cascadia
  version: 349dd0209470eabd9514242c688c403c0926d266
- name: github.com/go-redis/redis
  version: d0f86971b5d61de9cebd2616b932acb7ba14d957
  subpackages:
  - internal
  - internal/consistenthash
  - internal/hashtag
  - internal/pool
  - internal/proto
- name: github.com/PuerkitoBio/goquery
  version: e1271ee34c6a305e38566ecd27ae374944907ee9
- name: golang.org/x/net
  version: a04bdaca5b32abe1c069418fb7088ae607de5bd0
  subpackages:
  - html
  - html/atom
testImports: []
